
Microsoft Visual Studio Solution File, Format Version 12.00
# Visual Studio 15
VisualStudioVersion = 15.0.28010.2050
MinimumVisualStudioVersion = 10.0.40219.1
Project("{FAE04EC0-301F-11D3-BF4B-00C04F79EFBC}") = "login", "login\login.csproj", "{FDF3AC59-B7F7-4C38-A23C-466AAEE4E054}"
EndProject
Global
	GlobalSection(SolutionConfigurationPlatforms) = preSolution
		Debug|Any CPU = Debug|Any CPU
		Release|Any CPU = Release|Any CPU
	EndGlobalSection
	GlobalSection(ProjectConfigurationPlatforms) = postSolution
		{FDF3AC59-B7F7-4C38-A23C-466AAEE4E054}.Debug|Any CPU.ActiveCfg = Debug|Any CPU
		{FDF3AC59-B7F7-4C38-A23C-466AAEE4E054}.Debug|Any CPU.Build.0 = Debug|Any CPU
		{FDF3AC59-B7F7-4C38-A23C-466AAEE4E054}.Release|Any CPU.ActiveCfg = Release|Any CPU
		{FDF3AC59-B7F7-4C38-A23C-466AAEE4E054}.Release|Any CPU.Build.0 = Release|Any CPU
	EndGlobalSection
	GlobalSection(SolutionProperties) = preSolution
		HideSolutionNode = FALSE
	EndGlobalSection
	GlobalSection(ExtensibilityGlobals) = postSolution
		SolutionGuid = {EEBBD48B-6A36-474D-8466-1AFD62194904}
	EndGlobalSection
EndGlobal
